
Microsoft Visual Studio Solution File, Format Version 12.00
# Visual Studio Version 17
VisualStudioVersion = 17.5.002.0
MinimumVisualStudioVersion = 10.0.40219.1
Project("{9A19103F-16F7-4668-BE54-9A1E7A4F7556}") = "sample1", "sample1.csproj", "{03164D46-68AE-48E2-97E8-D25B31E35267}"
EndProject
Global
	GlobalSection(SolutionConfigurationPlatforms) = preSolution
		Debug|Any CPU = Debug|Any CPU
		Release|Any CPU = Release|Any CPU
	EndGlobalSection
	GlobalSection(ProjectConfigurationPlatforms) = postSolution
		{03164D46-68AE-48E2-97E8-D25B31E35267}.Debug|Any CPU.ActiveCfg = Debug|Any CPU
		{03164D46-68AE-48E2-97E8-D25B31E35267}.Debug|Any CPU.Build.0 = Debug|Any CPU
		{03164D46-68AE-48E2-97E8-D25B31E35267}.Release|Any CPU.ActiveCfg = Release|Any CPU
		{03164D46-68AE-48E2-97E8-D25B31E35267}.Release|Any CPU.Build.0 = Release|Any CPU
	EndGlobalSection
	GlobalSection(SolutionProperties) = preSolution
		HideSolutionNode = FALSE
	EndGlobalSection
	GlobalSection(ExtensibilityGlobals) = postSolution
		SolutionGuid = {AE7DCFFD-4786-48AC-A163-5C088C305705}
	EndGlobalSection
EndGlobal
